// !$*UTF8*$!
{
	archiveVersion = 1;
	classes = {
	};
	objectVersion = 55;
	objects = {

/* Begin PBXBuildFile section */
		B2B0ED492827C2A500FC3FE6 /* AppDelegate.swift in Sources */ = {isa = PBXBuildFile; fileRef = B2B0ED482827C2A500FC3FE6 /* AppDelegate.swift */; };
		B2B0ED4B2827C2A500FC3FE6 /* SceneDelegate.swift in Sources */ = {isa = PBXBuildFile; fileRef = B2B0ED4A2827C2A500FC3FE6 /* SceneDelegate.swift */; };
		B2B0ED4D2827C2A500FC3FE6 /* ViewController.swift in Sources */ = {isa = PBXBuildFile; fileRef = B2B0ED4C2827C2A500FC3FE6 /* ViewController.swift */; };
		B2B0ED502827C2A500FC3FE6 /* Main.storyboard in Resources */ = {isa = PBXBuildFile; fileRef = B2B0ED4E2827C2A500FC3FE6 /* Main.storyboard */; };
		B2B0ED522827C2A600FC3FE6 /* Assets.xcassets in Resources */ = {isa = PBXBuildFile; fileRef = B2B0ED512827C2A600FC3FE6 /* Assets.xcassets */; };
		B2B0ED552827C2A600FC3FE6 /* LaunchScreen.storyboard in Resources */ = {isa = PBXBuildFile; fileRef = B2B0ED532827C2A600FC3FE6 /* LaunchScreen.storyboard */; };
		B2B0ED5E2827C40100FC3FE6 /* CryptoTableViewCell.swift in Sources */ = {isa = PBXBuildFile; fileRef = B2B0ED5D2827C40100FC3FE6 /* CryptoTableViewCell.swift */; };
		B2B0ED642827C5D200FC3FE6 /* CryptoCurrency.swift in Sources */ = {isa = PBXBuildFile; fileRef = B2B0ED632827C5D200FC3FE6 /* CryptoCurrency.swift */; };
		B2B0ED662827C6C300FC3FE6 /* WebService.swift in Sources */ = {isa = PBXBuildFile; fileRef = B2B0ED652827C6C300FC3FE6 /* WebService.swift */; };
		B2B0ED682827D00F00FC3FE6 /* CryptoViewModel.swift in Sources */ = {isa = PBXBuildFile; fileRef = B2B0ED672827D00F00FC3FE6 /* CryptoViewModel.swift */; };
/* End PBXBuildFile section */

/* Begin PBXFileReference section */
		B2B0ED452827C2A500FC3FE6 /* CryptoCurrencyApp.app */ = {isa = PBXFileReference; explicitFileType = wrapper.application; includeInIndex = 0; path = CryptoCurrencyApp.app; sourceTree = BUILT_PRODUCTS_DIR; };
		B2B0ED482827C2A500FC3FE6 /* AppDelegate.swift */ = {isa = PBXFileReference; lastKnownFileType = sourcecode.swift; path = AppDelegate.swift; sourceTree = "<group>"; };
		B2B0ED4A2827C2A500FC3FE6 /* SceneDelegate.swift */ = {isa = PBXFileReference; lastKnownFileType = sourcecode.swift; path = SceneDelegate.swift; sourceTree = "<group>"; };
		B2B0ED4C2827C2A500FC3FE6 /* ViewController.swift */ = {isa = PBXFileReference; lastKnownFileType = sourcecode.swift; path = ViewController.swift; sourceTree = "<group>"; };
		B2B0ED4F2827C2A500FC3FE6 /* Base */ = {isa = PBXFileReference; lastKnownFileType = file.storyboard; name = Base; path = Base.lproj/Main.storyboard; sourceTree = "<group>"; };
		B2B0ED512827C2A600FC3FE6 /* Assets.xcassets */ = {isa = PBXFileReference; lastKnownFileType = folder.assetcatalog; path = Assets.xcassets; sourceTree = "<group>"; };
		B2B0ED542827C2A600FC3FE6 /* Base */ = {isa = PBXFileReference; lastKnownFileType = file.storyboard; name = Base; path = Base.lproj/LaunchScreen.storyboard; sourceTree = "<group>"; };
		B2B0ED562827C2A600FC3FE6 /* Info.plist */ = {isa = PBXFileReference; lastKnownFileType = text.plist.xml; path = Info.plist; sourceTree = "<group>"; };
		B2B0ED5D2827C40100FC3FE6 /* CryptoTableViewCell.swift */ = {isa = PBXFileReference; lastKnownFileType = sourcecode.swift; path = CryptoTableViewCell.swift; sourceTree = "<group>"; };
		B2B0ED632827C5D200FC3FE6 /* CryptoCurrency.swift */ = {isa = PBXFileReference; lastKnownFileType = sourcecode.swift; path = CryptoCurrency.swift; sourceTree = "<group>"; };
		B2B0ED652827C6C300FC3FE6 /* WebService.swift */ = {isa = PBXFileReference; lastKnownFileType = sourcecode.swift; path = WebService.swift; sourceTree = "<group>"; };
		B2B0ED672827D00F00FC3FE6 /* CryptoViewModel.swift */ = {isa = PBXFileReference; lastKnownFileType = sourcecode.swift; path = CryptoViewModel.swift; sourceTree = "<group>"; };
/* End PBXFileReference section */

/* Begin PBXFrameworksBuildPhase section */
		B2B0ED422827C2A500FC3FE6 /* Frameworks */ = {
			isa = PBXFrameworksBuildPhase;
			buildActionMask = 2147483647;
			files = (
			);
			runOnlyForDeploymentPostprocessing = 0;
		};
/* End PBXFrameworksBuildPhase section */

/* Begin PBXGroup section */
		B2B0ED3C2827C2A500FC3FE6 = {
			isa = PBXGroup;
			children = (
				B2B0ED472827C2A500FC3FE6 /* CryptoCurrencyApp */,
				B2B0ED462827C2A500FC3FE6 /* Products */,
			);
			sourceTree = "<group>";
		};
		B2B0ED462827C2A500FC3FE6 /* Products */ = {
			isa = PBXGroup;
			children = (
				B2B0ED452827C2A500FC3FE6 /* CryptoCurrencyApp.app */,
			);
			name = Products;
			sourceTree = "<group>";
		};
		B2B0ED472827C2A500FC3FE6 /* CryptoCurrencyApp */ = {
			isa = PBXGroup;
			children = (
				B2B0ED612827C55A00FC3FE6 /* Service */,
				B2B0ED602827C54F00FC3FE6 /* ViewModel */,
				B2B0ED622827C59900FC3FE6 /* Model */,
				B2B0ED5F2827C53C00FC3FE6 /* View */,
				B2B0ED4E2827C2A500FC3FE6 /* Main.storyboard */,
				B2B0ED512827C2A600FC3FE6 /* Assets.xcassets */,
				B2B0ED532827C2A600FC3FE6 /* LaunchScreen.storyboard */,
				B2B0ED562827C2A600FC3FE6 /* Info.plist */,
			);
			path = CryptoCurrencyApp;
			sourceTree = "<group>";
		};
		B2B0ED5F2827C53C00FC3FE6 /* View */ = {
			isa = PBXGroup;
			children = (
				B2B0ED482827C2A500FC3FE6 /* AppDelegate.swift */,
				B2B0ED4A2827C2A500FC3FE6 /* SceneDelegate.swift */,
				B2B0ED4C2827C2A500FC3FE6 /* ViewController.swift */,
				B2B0ED5D2827C40100FC3FE6 /* CryptoTableViewCell.swift */,
			);
			path = View;
			sourceTree = "<group>";
		};
		B2B0ED602827C54F00FC3FE6 /* ViewModel */ = {
			isa = PBXGroup;
			children = (
				B2B0ED672827D00F00FC3FE6 /* CryptoViewModel.swift */,
			);
			path = ViewModel;
			sourceTree = "<group>";
		};
		B2B0ED612827C55A00FC3FE6 /* Service */ = {
			isa = PBXGroup;
			children = (
				B2B0ED652827C6C300FC3FE6 /* WebService.swift */,
			);
			path = Service;
			sourceTree = "<group>";
		};
		B2B0ED622827C59900FC3FE6 /* Model */ = {
			isa = PBXGroup;
			children = (
				B2B0ED632827C5D200FC3FE6 /* CryptoCurrency.swift */,
			);
			path = Model;
			sourceTree = "<group>";
		};
/* End PBXGroup section */

/* Begin PBXNativeTarget section */
		B2B0ED442827C2A500FC3FE6 /* CryptoCurrencyApp */ = {
			isa = PBXNativeTarget;
			buildConfigurationList = B2B0ED592827C2A600FC3FE6 /* Build configuration list for PBXNativeTarget "CryptoCurrencyApp" */;
			buildPhases = (
				B2B0ED412827C2A500FC3FE6 /* Sources */,
				B2B0ED422827C2A500FC3FE6 /* Frameworks */,
				B2B0ED432827C2A500FC3FE6 /* Resources */,
			);
			buildRules = (
			);
			dependencies = (
			);
			name = CryptoCurrencyApp;
			productName = CryptoCurrencyApp;
			productReference = B2B0ED452827C2A500FC3FE6 /* CryptoCurrencyApp.app */;
			productType = "com.apple.product-type.application";
		};
/* End PBXNativeTarget section */

/* Begin PBXProject section */
		B2B0ED3D2827C2A500FC3FE6 /* Project object */ = {
			isa = PBXProject;
			attributes = {
				BuildIndependentTargetsInParallel = 1;
				LastSwiftUpdateCheck = 1330;
				LastUpgradeCheck = 1330;
				TargetAttributes = {
					B2B0ED442827C2A500FC3FE6 = {
						CreatedOnToolsVersion = 13.3.1;
					};
				};
			};
			buildConfigurationList = B2B0ED402827C2A500FC3FE6 /* Build configuration list for PBXProject "CryptoCurrencyApp" */;
			compatibilityVersion = "Xcode 13.0";
			developmentRegion = en;
			hasScannedForEncodings = 0;
			knownRegions = (
				en,
				Base,
			);
			mainGroup = B2B0ED3C2827C2A500FC3FE6;
			productRefGroup = B2B0ED462827C2A500FC3FE6 /* Products */;
			projectDirPath = "";
			projectRoot = "";
			targets = (
				B2B0ED442827C2A500FC3FE6 /* CryptoCurrencyApp */,
			);
		};
/* End PBXProject section */

/* Begin PBXResourcesBuildPhase section */
		B2B0ED432827C2A500FC3FE6 /* Resources */ = {
			isa = PBXResourcesBuildPhase;
			buildActionMask = 2147483647;
			files = (
				B2B0ED552827C2A600FC3FE6 /* LaunchScreen.storyboard in Resources */,
				B2B0ED522827C2A600FC3FE6 /* Assets.xcassets in Resources */,
				B2B0ED502827C2A500FC3FE6 /* Main.storyboard in Resources */,
			);
			runOnlyForDeploymentPostprocessing = 0;
		};
/* End PBXResourcesBuildPhase section */

/* Begin PBXSourcesBuildPhase section */
		B2B0ED412827C2A500FC3FE6 /* Sources */ = {
			isa = PBXSourcesBuildPhase;
			buildActionMask = 2147483647;
			files = (
				B2B0ED662827C6C300FC3FE6 /* WebService.swift in Sources */,
				B2B0ED5E2827C40100FC3FE6 /* CryptoTableViewCell.swift in Sources */,
				B2B0ED4D2827C2A500FC3FE6 /* ViewController.swift in Sources */,
				B2B0ED682827D00F00FC3FE6 /* CryptoViewModel.swift in Sources */,
				B2B0ED492827C2A500FC3FE6 /* AppDelegate.swift in Sources */,
				B2B0ED642827C5D200FC3FE6 /* CryptoCurrency.swift in Sources */,
				B2B0ED4B2827C2A500FC3FE6 /* SceneDelegate.swift in Sources */,
			);
			runOnlyForDeploymentPostprocessing = 0;
		};
/* End PBXSourcesBuildPhase section */

/* Begin PBXVariantGroup section */
		B2B0ED4E2827C2A500FC3FE6 /* Main.storyboard */ = {
			isa = PBXVariantGroup;
			children = (
				B2B0ED4F2827C2A500FC3FE6 /* Base */,
			);
			name = Main.storyboard;
			sourceTree = "<group>";
		};
		B2B0ED532827C2A600FC3FE6 /* LaunchScreen.storyboard */ = {
			isa = PBXVariantGroup;
			children = (
				B2B0ED542827C2A600FC3FE6 /* Base */,
			);
			name = LaunchScreen.storyboard;
			sourceTree = "<group>";
		};
/* End PBXVariantGroup section */

/* Begin XCBuildConfiguration section */
		B2B0ED572827C2A600FC3FE6 /* Debug */ = {
			isa = XCBuildConfiguration;
			buildSettings = {
				ALWAYS_SEARCH_USER_PATHS = NO;
				CLANG_ANALYZER_NONNULL = YES;
				CLANG_ANALYZER_NUMBER_OBJECT_CONVERSION = YES_AGGRESSIVE;
				CLANG_CXX_LANGUAGE_STANDARD = "gnu++17";
				CLANG_ENABLE_MODULES = YES;
				CLANG_ENABLE_OBJC_ARC = YES;
				CLANG_ENABLE_OBJC_WEAK = YES;
				CLANG_WARN_BLOCK_CAPTURE_AUTORELEASING = YES;
				CLANG_WARN_BOOL_CONVERSION = YES;
				CLANG_WARN_COMMA = YES;
				CLANG_WARN_CONSTANT_CONVERSION = YES;
				CLANG_WARN_DEPRECATED_OBJC_IMPLEMENTATIONS = YES;
				CLANG_WARN_DIRECT_OBJC_ISA_USAGE = YES_ERROR;
				CLANG_WARN_DOCUMENTATION_COMMENTS = YES;
				CLANG_WARN_EMPTY_BODY = YES;
				CLANG_WARN_ENUM_CONVERSION = YES;
				CLANG_WARN_INFINITE_RECURSION = YES;
				CLANG_WARN_INT_CONVERSION = YES;
				CLANG_WARN_NON_LITERAL_NULL_CONVERSION = YES;
				CLANG_WARN_OBJC_IMPLICIT_RETAIN_SELF = YES;
				CLANG_WARN_OBJC_LITERAL_CONVERSION = YES;
				CLANG_WARN_OBJC_ROOT_CLASS = YES_ERROR;
				CLANG_WARN_QUOTED_INCLUDE_IN_FRAMEWORK_HEADER = YES;
				CLANG_WARN_RANGE_LOOP_ANALYSIS = YES;
				CLANG_WARN_STRICT_PROTOTYPES = YES;
				CLANG_WARN_SUSPICIOUS_MOVE = YES;
				CLANG_WARN_UNGUARDED_AVAILABILITY = YES_AGGRESSIVE;
				CLANG_WARN_UNREACHABLE_CODE = YES;
				CLANG_WARN__DUPLICATE_METHOD_MATCH = YES;
				COPY_PHASE_STRIP = NO;
				DEBUG_INFORMATION_FORMAT = dwarf;
				ENABLE_STRICT_OBJC_MSGSEND = YES;
				ENABLE_TESTABILITY = YES;
				GCC_C_LANGUAGE_STANDARD = gnu11;
				GCC_DYNAMIC_NO_PIC = NO;
				GCC_NO_COMMON_BLOCKS = YES;
				GCC_OPTIMIZATION_LEVEL = 0;
				GCC_PREPROCESSOR_DEFINITIONS = (
					"DEBUG=1",
					"$(inherited)",
				);
				GCC_WARN_64_TO_32_BIT_CONVERSION = YES;
				GCC_WARN_ABOUT_RETURN_TYPE = YES_ERROR;
				GCC_WARN_UNDECLARED_SELECTOR = YES;
				GCC_WARN_UNINITIALIZED_AUTOS = YES_AGGRESSIVE;
				GCC_WARN_UNUSED_FUNCTION = YES;
				GCC_WARN_UNUSED_VARIABLE = YES;
				IPHONEOS_DEPLOYMENT_TARGET = 15.4;
				MTL_ENABLE_DEBUG_INFO = INCLUDE_SOURCE;
				MTL_FAST_MATH = YES;
				ONLY_ACTIVE_ARCH = YES;
				SDKROOT = iphoneos;
				SWIFT_ACTIVE_COMPILATION_CONDITIONS = DEBUG;
				SWIFT_OPTIMIZATION_LEVEL = "-Onone";
			};
			name = Debug;
		};
		B2B0ED582827C2A600FC3FE6 /* Release */ = {
			isa = XCBuildConfiguration;
			buildSettings = {
				ALWAYS_SEARCH_USER_PATHS = NO;
				CLANG_ANALYZER_NONNULL = YES;
				CLANG_ANALYZER_NUMBER_OBJECT_CONVERSION = YES_AGGRESSIVE;
				CLANG_CXX_LANGUAGE_STANDARD = "gnu++17";
				CLANG_ENABLE_MODULES = YES;
				CLANG_ENABLE_OBJC_ARC = YES;
				CLANG_ENABLE_OBJC_WEAK = YES;
				CLANG_WARN_BLOCK_CAPTURE_AUTORELEASING = YES;
				CLANG_WARN_BOOL_CONVERSION = YES;
				CLANG_WARN_COMMA = YES;
				CLANG_WARN_CONSTANT_CONVERSION = YES;
				CLANG_WARN_DEPRECATED_OBJC_IMPLEMENTATIONS = YES;
				CLANG_WARN_DIRECT_OBJC_ISA_USAGE = YES_ERROR;
				CLANG_WARN_DOCUMENTATION_COMMENTS = YES;
				CLANG_WARN_EMPTY_BODY = YES;
				CLANG_WARN_ENUM_CONVERSION = YES;
				CLANG_WARN_INFINITE_RECURSION = YES;
				CLANG_WARN_INT_CONVERSION = YES;
				CLANG_WARN_NON_LITERAL_NULL_CONVERSION = YES;
				CLANG_WARN_OBJC_IMPLICIT_RETAIN_SELF = YES;
				CLANG_WARN_OBJC_LITERAL_CONVERSION = YES;
				CLANG_WARN_OBJC_ROOT_CLASS = YES_ERROR;
				CLANG_WARN_QUOTED_INCLUDE_IN_FRAMEWORK_HEADER = YES;
				CLANG_WARN_RANGE_LOOP_ANALYSIS = YES;
				CLANG_WARN_STRICT_PROTOTYPES = YES;
				CLANG_WARN_SUSPICIOUS_MOVE = YES;
				CLANG_WARN_UNGUARDED_AVAILABILITY = YES_AGGRESSIVE;
				CLANG_WARN_UNREACHABLE_CODE = YES;
				CLANG_WARN__DUPLICATE_METHOD_MATCH = YES;
				COPY_PHASE_STRIP = NO;
				DEBUG_INFORMATION_FORMAT = "dwarf-with-dsym";
				ENABLE_NS_ASSERTIONS = NO;
				ENABLE_STRICT_OBJC_MSGSEND = YES;
				GCC_C_LANGUAGE_STANDARD = gnu11;
				GCC_NO_COMMON_BLOCKS = YES;
				GCC_WARN_64_TO_32_BIT_CONVERSION = YES;
				GCC_WARN_ABOUT_RETURN_TYPE = YES_ERROR;
				GCC_WARN_UNDECLARED_SELECTOR = YES;
				GCC_WARN_UNINITIALIZED_AUTOS = YES_AGGRESSIVE;
				GCC_WARN_UNUSED_FUNCTION = YES;
				GCC_WARN_UNUSED_VARIABLE = YES;
				IPHONEOS_DEPLOYMENT_TARGET = 15.4;
				MTL_ENABLE_DEBUG_INFO = NO;
				MTL_FAST_MATH = YES;
				SDKROOT = iphoneos;
				SWIFT_COMPILATION_MODE = wholemodule;
				SWIFT_OPTIMIZATION_LEVEL = "-O";
				VALIDATE_PRODUCT = YES;
			};
			name = Release;
		};
		B2B0ED5A2827C2A600FC3FE6 /* Debug */ = {
			isa = XCBuildConfiguration;
			buildSettings = {
				ASSETCATALOG_COMPILER_APPICON_NAME = AppIcon;
				ASSETCATALOG_COMPILER_GLOBAL_ACCENT_COLOR_NAME = AccentColor;
				CODE_SIGN_STYLE = Automatic;
				CURRENT_PROJECT_VERSION = 1;
				DEVELOPMENT_TEAM = 44MZ84GM49;
				GENERATE_INFOPLIST_FILE = YES;
				INFOPLIST_FILE = CryptoCurrencyApp/Info.plist;
				INFOPLIST_KEY_UIApplicationSupportsIndirectInputEvents = YES;
				INFOPLIST_KEY_UILaunchStoryboardName = LaunchScreen;
				INFOPLIST_KEY_UIMainStoryboardFile = Main;
				INFOPLIST_KEY_UISupportedInterfaceOrientations_iPad = "UIInterfaceOrientationPortrait UIInterfaceOrientationPortraitUpsideDown UIInterfaceOrientationLandscapeLeft UIInterfaceOrientationLandscapeRight";
				INFOPLIST_KEY_UISupportedInterfaceOrientations_iPhone = "UIInterfaceOrientationPortrait UIInterfaceOrientationLandscapeLeft UIInterfaceOrientationLandscapeRight";
				LD_RUNPATH_SEARCH_PATHS = (
					"$(inherited)",
					"@executable_path/Frameworks",
				);
				MARKETING_VERSION = 1.0;
				PRODUCT_BUNDLE_IDENTIFIER = com.mehmetcansimsek.CryptoCurrencyApp;
				PRODUCT_NAME = "$(TARGET_NAME)";
				SWIFT_EMIT_LOC_STRINGS = YES;
				SWIFT_VERSION = 5.0;
				TARGETED_DEVICE_FAMILY = "1,2";
			};
			name = Debug;
		};
		B2B0ED5B2827C2A600FC3FE6 /* Release */ = {
			isa = XCBuildConfiguration;
			buildSettings = {
				ASSETCATALOG_COMPILER_APPICON_NAME = AppIcon;
				ASSETCATALOG_COMPILER_GLOBAL_ACCENT_COLOR_NAME = AccentColor;
				CODE_SIGN_STYLE = Automatic;
				CURRENT_PROJECT_VERSION = 1;
				DEVELOPMENT_TEAM = 44MZ84GM49;
				GENERATE_INFOPLIST_FILE = YES;
				INFOPLIST_FILE = CryptoCurrencyApp/Info.plist;
				INFOPLIST_KEY_UIApplicationSupportsIndirectInputEvents = YES;
				INFOPLIST_KEY_UILaunchStoryboardName = LaunchScreen;
				INFOPLIST_KEY_UIMainStoryboardFile = Main;
				INFOPLIST_KEY_UISupportedInterfaceOrientations_iPad = "UIInterfaceOrientationPortrait UIInterfaceOrientationPortraitUpsideDown UIInterfaceOrientationLandscapeLeft UIInterfaceOrientationLandscapeRight";
				INFOPLIST_KEY_UISupportedInterfaceOrientations_iPhone = "UIInterfaceOrientationPortrait UIInterfaceOrientationLandscapeLeft UIInterfaceOrientationLandscapeRight";
				LD_RUNPATH_SEARCH_PATHS = (
					"$(inherited)",
					"@executable_path/Frameworks",
				);
				MARKETING_VERSION = 1.0;
				PRODUCT_BUNDLE_IDENTIFIER = com.mehmetcansimsek.CryptoCurrencyApp;
				PRODUCT_NAME = "$(TARGET_NAME)";
				SWIFT_EMIT_LOC_STRINGS = YES;
				SWIFT_VERSION = 5.0;
				TARGETED_DEVICE_FAMILY = "1,2";
			};
			name = Release;
		};
/* End XCBuildConfiguration section */

/* Begin XCConfigurationList section */
		B2B0ED402827C2A500FC3FE6 /* Build configuration list for PBXProject "CryptoCurrencyApp" */ = {
			isa = XCConfigurationList;
			buildConfigurations = (
				B2B0ED572827C2A600FC3FE6 /* Debug */,
				B2B0ED582827C2A600FC3FE6 /* Release */,
			);
			defaultConfigurationIsVisible = 0;
			defaultConfigurationName = Release;
		};
		B2B0ED592827C2A600FC3FE6 /* Build configuration list for PBXNativeTarget "CryptoCurrencyApp" */ = {
			isa = XCConfigurationList;
			buildConfigurations = (
				B2B0ED5A2827C2A600FC3FE6 /* Debug */,
				B2B0ED5B2827C2A600FC3FE6 /* Release */,
			);
			defaultConfigurationIsVisible = 0;
			defaultConfigurationName = Release;
		};
/* End XCConfigurationList section */
	};
	rootObject = B2B0ED3D2827C2A500FC3FE6 /* Project object */;
}
